
Microsoft Visual Studio Solution File, Format Version 12.00
# Visual Studio Version 17
VisualStudioVersion = 17.3.32929.385
MinimumVisualStudioVersion = 10.0.40219.1
Project("{FAE04EC0-301F-11D3-BF4B-00C04F79EFBC}") = "MissingInteger", "CT\MissingInteger.csproj", "{D91457C3-1FE6-4D39-BC5F-50691E157AA5}"
EndProject
Global
	GlobalSection(SolutionConfigurationPlatforms) = preSolution
		Debug|Any CPU = Debug|Any CPU
		Release|Any CPU = Release|Any CPU
	EndGlobalSection
	GlobalSection(ProjectConfigurationPlatforms) = postSolution
		{D91457C3-1FE6-4D39-BC5F-50691E157AA5}.Debug|Any CPU.ActiveCfg = Debug|Any CPU
		{D91457C3-1FE6-4D39-BC5F-50691E157AA5}.Debug|Any CPU.Build.0 = Debug|Any CPU
		{D91457C3-1FE6-4D39-BC5F-50691E157AA5}.Release|Any CPU.ActiveCfg = Release|Any CPU
		{D91457C3-1FE6-4D39-BC5F-50691E157AA5}.Release|Any CPU.Build.0 = Release|Any CPU
	EndGlobalSection
	GlobalSection(SolutionProperties) = preSolution
		HideSolutionNode = FALSE
	EndGlobalSection
	GlobalSection(ExtensibilityGlobals) = postSolution
		SolutionGuid = {E0E5D5EB-303E-4BF8-805A-0031A6B890FB}
	EndGlobalSection
EndGlobal
