
Microsoft Visual Studio Solution File, Format Version 12.00
# Visual Studio Version 17
VisualStudioVersion = 17.0.32112.339
MinimumVisualStudioVersion = 10.0.40219.1
Project("{FAE04EC0-301F-11D3-BF4B-00C04F79EFBC}") = "RunningSumLC", "RunningSumLC\RunningSumLC.csproj", "{F312CDBE-8345-4BC5-8D66-18D584F89582}"
EndProject
Global
	GlobalSection(SolutionConfigurationPlatforms) = preSolution
		Debug|Any CPU = Debug|Any CPU
		Release|Any CPU = Release|Any CPU
	EndGlobalSection
	GlobalSection(ProjectConfigurationPlatforms) = postSolution
		{F312CDBE-8345-4BC5-8D66-18D584F89582}.Debug|Any CPU.ActiveCfg = Debug|Any CPU
		{F312CDBE-8345-4BC5-8D66-18D584F89582}.Debug|Any CPU.Build.0 = Debug|Any CPU
		{F312CDBE-8345-4BC5-8D66-18D584F89582}.Release|Any CPU.ActiveCfg = Release|Any CPU
		{F312CDBE-8345-4BC5-8D66-18D584F89582}.Release|Any CPU.Build.0 = Release|Any CPU
	EndGlobalSection
	GlobalSection(SolutionProperties) = preSolution
		HideSolutionNode = FALSE
	EndGlobalSection
	GlobalSection(ExtensibilityGlobals) = postSolution
		SolutionGuid = {4ADDCF02-3F75-490F-BF32-99A63C724D52}
	EndGlobalSection
EndGlobal
