
Microsoft Visual Studio Solution File, Format Version 12.00
# Visual Studio Version 17
VisualStudioVersion = 17.0.32112.339
MinimumVisualStudioVersion = 10.0.40219.1
Project("{FAE04EC0-301F-11D3-BF4B-00C04F79EFBC}") = "ReverseStringPalindromeCheck", "ReverseStringPalindromeCheck\ReverseStringPalindromeCheck.csproj", "{EB23108C-51AD-43F6-BEF0-D894355207D5}"
EndProject
Global
	GlobalSection(SolutionConfigurationPlatforms) = preSolution
		Debug|Any CPU = Debug|Any CPU
		Release|Any CPU = Release|Any CPU
	EndGlobalSection
	GlobalSection(ProjectConfigurationPlatforms) = postSolution
		{EB23108C-51AD-43F6-BEF0-D894355207D5}.Debug|Any CPU.ActiveCfg = Debug|Any CPU
		{EB23108C-51AD-43F6-BEF0-D894355207D5}.Debug|Any CPU.Build.0 = Debug|Any CPU
		{EB23108C-51AD-43F6-BEF0-D894355207D5}.Release|Any CPU.ActiveCfg = Release|Any CPU
		{EB23108C-51AD-43F6-BEF0-D894355207D5}.Release|Any CPU.Build.0 = Release|Any CPU
	EndGlobalSection
	GlobalSection(SolutionProperties) = preSolution
		HideSolutionNode = FALSE
	EndGlobalSection
	GlobalSection(ExtensibilityGlobals) = postSolution
		SolutionGuid = {BCE198A6-0309-4669-9D3E-903CB7DCC2FB}
	EndGlobalSection
EndGlobal
