
Microsoft Visual Studio Solution File, Format Version 12.00
# Visual Studio Version 17
VisualStudioVersion = 17.3.32929.385
MinimumVisualStudioVersion = 10.0.40219.1
Project("{FAE04EC0-301F-11D3-BF4B-00C04F79EFBC}") = "PrimeFactor", "PrimeFactor\PrimeFactor.csproj", "{896F1069-8DF1-45C7-839E-2281F996DD10}"
EndProject
Global
	GlobalSection(SolutionConfigurationPlatforms) = preSolution
		Debug|Any CPU = Debug|Any CPU
		Release|Any CPU = Release|Any CPU
	EndGlobalSection
	GlobalSection(ProjectConfigurationPlatforms) = postSolution
		{896F1069-8DF1-45C7-839E-2281F996DD10}.Debug|Any CPU.ActiveCfg = Debug|Any CPU
		{896F1069-8DF1-45C7-839E-2281F996DD10}.Debug|Any CPU.Build.0 = Debug|Any CPU
		{896F1069-8DF1-45C7-839E-2281F996DD10}.Release|Any CPU.ActiveCfg = Release|Any CPU
		{896F1069-8DF1-45C7-839E-2281F996DD10}.Release|Any CPU.Build.0 = Release|Any CPU
	EndGlobalSection
	GlobalSection(SolutionProperties) = preSolution
		HideSolutionNode = FALSE
	EndGlobalSection
	GlobalSection(ExtensibilityGlobals) = postSolution
		SolutionGuid = {45257407-997A-43DD-B724-68AEC42A445E}
	EndGlobalSection
EndGlobal
