
Microsoft Visual Studio Solution File, Format Version 12.00
# Visual Studio Version 17
VisualStudioVersion = 17.0.32112.339
MinimumVisualStudioVersion = 10.0.40219.1
Project("{FAE04EC0-301F-11D3-BF4B-00C04F79EFBC}") = "ReverseStringPalindromicCheckerForParaghrapsorPages", "ReverseStringPalindromicCheckerForParaghrapsorPages\ReverseStringPalindromicCheckerForParaghrapsorPages.csproj", "{6D956DA7-4331-486A-823E-497BCF122268}"
EndProject
Global
	GlobalSection(SolutionConfigurationPlatforms) = preSolution
		Debug|Any CPU = Debug|Any CPU
		Release|Any CPU = Release|Any CPU
	EndGlobalSection
	GlobalSection(ProjectConfigurationPlatforms) = postSolution
		{6D956DA7-4331-486A-823E-497BCF122268}.Debug|Any CPU.ActiveCfg = Debug|Any CPU
		{6D956DA7-4331-486A-823E-497BCF122268}.Debug|Any CPU.Build.0 = Debug|Any CPU
		{6D956DA7-4331-486A-823E-497BCF122268}.Release|Any CPU.ActiveCfg = Release|Any CPU
		{6D956DA7-4331-486A-823E-497BCF122268}.Release|Any CPU.Build.0 = Release|Any CPU
	EndGlobalSection
	GlobalSection(SolutionProperties) = preSolution
		HideSolutionNode = FALSE
	EndGlobalSection
	GlobalSection(ExtensibilityGlobals) = postSolution
		SolutionGuid = {F5974912-B39A-447A-A01A-90006B062557}
	EndGlobalSection
EndGlobal
