
Microsoft Visual Studio Solution File, Format Version 12.00
# Visual Studio Version 17
VisualStudioVersion = 17.0.32112.339
MinimumVisualStudioVersion = 10.0.40219.1
Project("{FAE04EC0-301F-11D3-BF4B-00C04F79EFBC}") = "NumberOf1Bits", "NumberOf1Bits\NumberOf1Bits.csproj", "{F82E0554-9E61-4B68-ADE3-05107444EEB5}"
EndProject
Global
	GlobalSection(SolutionConfigurationPlatforms) = preSolution
		Debug|Any CPU = Debug|Any CPU
		Release|Any CPU = Release|Any CPU
	EndGlobalSection
	GlobalSection(ProjectConfigurationPlatforms) = postSolution
		{F82E0554-9E61-4B68-ADE3-05107444EEB5}.Debug|Any CPU.ActiveCfg = Debug|Any CPU
		{F82E0554-9E61-4B68-ADE3-05107444EEB5}.Debug|Any CPU.Build.0 = Debug|Any CPU
		{F82E0554-9E61-4B68-ADE3-05107444EEB5}.Release|Any CPU.ActiveCfg = Release|Any CPU
		{F82E0554-9E61-4B68-ADE3-05107444EEB5}.Release|Any CPU.Build.0 = Release|Any CPU
	EndGlobalSection
	GlobalSection(SolutionProperties) = preSolution
		HideSolutionNode = FALSE
	EndGlobalSection
	GlobalSection(ExtensibilityGlobals) = postSolution
		SolutionGuid = {BE82D7EA-CAB5-4F19-9035-1EC96CEB3933}
	EndGlobalSection
EndGlobal
